
Microsoft Visual Studio Solution File, Format Version 12.00
# Visual Studio Version 17
VisualStudioVersion = 17.0.31903.59
MinimumVisualStudioVersion = 10.0.40219.1
Project("{2150E333-8FDC-42A3-9474-1A3956D46DE8}") = "src", "src", "{827E0CD3-B72D-47B6-A68D-7590B98EB39B}"
EndProject
Project("{FAE04EC0-301F-11D3-BF4B-00C04F79EFBC}") = "Waseet.CQRS", "src\Waseet.CQRS\Waseet.CQRS.csproj", "{DBDC5542-DF04-47CE-8B85-057F3B7E267A}"
EndProject
Project("{2150E333-8FDC-42A3-9474-1A3956D46DE8}") = "tests", "tests", "{0AB3BF05-4346-4AA6-1389-037BE0695223}"
EndProject
Project("{FAE04EC0-301F-11D3-BF4B-00C04F79EFBC}") = "Waseet.CQRS.Sample", "tests\Waseet.CQRS.Sample\Waseet.CQRS.Sample.csproj", "{C02A331A-814D-4051-A3C3-9FAC0E208297}"
EndProject
Global
	GlobalSection(SolutionConfigurationPlatforms) = preSolution
		Debug|Any CPU = Debug|Any CPU
		Debug|x64 = Debug|x64
		Debug|x86 = Debug|x86
		Release|Any CPU = Release|Any CPU
		Release|x64 = Release|x64
		Release|x86 = Release|x86
	EndGlobalSection
	GlobalSection(ProjectConfigurationPlatforms) = postSolution
		{DBDC5542-DF04-47CE-8B85-057F3B7E267A}.Debug|Any CPU.ActiveCfg = Debug|Any CPU
		{DBDC5542-DF04-47CE-8B85-057F3B7E267A}.Debug|Any CPU.Build.0 = Debug|Any CPU
		{DBDC5542-DF04-47CE-8B85-057F3B7E267A}.Debug|x64.ActiveCfg = Debug|Any CPU
		{DBDC5542-DF04-47CE-8B85-057F3B7E267A}.Debug|x64.Build.0 = Debug|Any CPU
		{DBDC5542-DF04-47CE-8B85-057F3B7E267A}.Debug|x86.ActiveCfg = Debug|Any CPU
		{DBDC5542-DF04-47CE-8B85-057F3B7E267A}.Debug|x86.Build.0 = Debug|Any CPU
		{DBDC5542-DF04-47CE-8B85-057F3B7E267A}.Release|Any CPU.ActiveCfg = Release|Any CPU
		{DBDC5542-DF04-47CE-8B85-057F3B7E267A}.Release|Any CPU.Build.0 = Release|Any CPU
		{DBDC5542-DF04-47CE-8B85-057F3B7E267A}.Release|x64.ActiveCfg = Release|Any CPU
		{DBDC5542-DF04-47CE-8B85-057F3B7E267A}.Release|x64.Build.0 = Release|Any CPU
		{DBDC5542-DF04-47CE-8B85-057F3B7E267A}.Release|x86.ActiveCfg = Release|Any CPU
		{DBDC5542-DF04-47CE-8B85-057F3B7E267A}.Release|x86.Build.0 = Release|Any CPU
		{C02A331A-814D-4051-A3C3-9FAC0E208297}.Debug|Any CPU.ActiveCfg = Debug|Any CPU
		{C02A331A-814D-4051-A3C3-9FAC0E208297}.Debug|Any CPU.Build.0 = Debug|Any CPU
		{C02A331A-814D-4051-A3C3-9FAC0E208297}.Debug|x64.ActiveCfg = Debug|Any CPU
		{C02A331A-814D-4051-A3C3-9FAC0E208297}.Debug|x64.Build.0 = Debug|Any CPU
		{C02A331A-814D-4051-A3C3-9FAC0E208297}.Debug|x86.ActiveCfg = Debug|Any CPU
		{C02A331A-814D-4051-A3C3-9FAC0E208297}.Debug|x86.Build.0 = Debug|Any CPU
		{C02A331A-814D-4051-A3C3-9FAC0E208297}.Release|Any CPU.ActiveCfg = Release|Any CPU
		{C02A331A-814D-4051-A3C3-9FAC0E208297}.Release|Any CPU.Build.0 = Release|Any CPU
		{C02A331A-814D-4051-A3C3-9FAC0E208297}.Release|x64.ActiveCfg = Release|Any CPU
		{C02A331A-814D-4051-A3C3-9FAC0E208297}.Release|x64.Build.0 = Release|Any CPU
		{C02A331A-814D-4051-A3C3-9FAC0E208297}.Release|x86.ActiveCfg = Release|Any CPU
		{C02A331A-814D-4051-A3C3-9FAC0E208297}.Release|x86.Build.0 = Release|Any CPU
	EndGlobalSection
	GlobalSection(SolutionProperties) = preSolution
		HideSolutionNode = FALSE
	EndGlobalSection
	GlobalSection(NestedProjects) = preSolution
		{DBDC5542-DF04-47CE-8B85-057F3B7E267A} = {827E0CD3-B72D-47B6-A68D-7590B98EB39B}
		{C02A331A-814D-4051-A3C3-9FAC0E208297} = {0AB3BF05-4346-4AA6-1389-037BE0695223}
	EndGlobalSection
EndGlobal
